
Microsoft Visual Studio Solution File, Format Version 12.00
# Visual Studio Version 17
VisualStudioVersion = 17.8.34322.80
MinimumVisualStudioVersion = 10.0.40219.1
Project("{FAE04EC0-301F-11D3-BF4B-00C04F79EFBC}") = "ProjetosVetores", "ProjetosVetores\ProjetosVetores.csproj", "{B28848BF-366C-4A5A-B897-B84AAC09B343}"
EndProject
Global
	GlobalSection(SolutionConfigurationPlatforms) = preSolution
		Debug|Any CPU = Debug|Any CPU
		Release|Any CPU = Release|Any CPU
	EndGlobalSection
	GlobalSection(ProjectConfigurationPlatforms) = postSolution
		{B28848BF-366C-4A5A-B897-B84AAC09B343}.Debug|Any CPU.ActiveCfg = Debug|Any CPU
		{B28848BF-366C-4A5A-B897-B84AAC09B343}.Debug|Any CPU.Build.0 = Debug|Any CPU
		{B28848BF-366C-4A5A-B897-B84AAC09B343}.Release|Any CPU.ActiveCfg = Release|Any CPU
		{B28848BF-366C-4A5A-B897-B84AAC09B343}.Release|Any CPU.Build.0 = Release|Any CPU
	EndGlobalSection
	GlobalSection(SolutionProperties) = preSolution
		HideSolutionNode = FALSE
	EndGlobalSection
	GlobalSection(ExtensibilityGlobals) = postSolution
		SolutionGuid = {FEC88E04-6B9B-4399-A71A-7A8965BF1845}
	EndGlobalSection
EndGlobal
